// !$*UTF8*$!
{
	archiveVersion = 1;
	classes = {
	};
	objectVersion = 50;
	objects = {

/* Begin PBXBuildFile section */
		39243397210F98AF00522237 /* AppDelegate.swift in Sources */ = {isa = PBXBuildFile; fileRef = 39243396210F98AF00522237 /* AppDelegate.swift */; };
		39243399210F98AF00522237 /* ViewController.swift in Sources */ = {isa = PBXBuildFile; fileRef = 39243398210F98AF00522237 /* ViewController.swift */; };
		3924339C210F98AF00522237 /* Main.storyboard in Resources */ = {isa = PBXBuildFile; fileRef = 3924339A210F98AF00522237 /* Main.storyboard */; };
		3924339E210F98B000522237 /* Assets.xcassets in Resources */ = {isa = PBXBuildFile; fileRef = 3924339D210F98B000522237 /* Assets.xcassets */; };
		392433A1210F98B000522237 /* LaunchScreen.storyboard in Resources */ = {isa = PBXBuildFile; fileRef = 3924339F210F98B000522237 /* LaunchScreen.storyboard */; };
		392433AC210F98B000522237 /* EnumTestTests.swift in Sources */ = {isa = PBXBuildFile; fileRef = 392433AB210F98B000522237 /* EnumTestTests.swift */; };
/* End PBXBuildFile section */

/* Begin PBXContainerItemProxy section */
		392433A8210F98B000522237 /* PBXContainerItemProxy */ = {
			isa = PBXContainerItemProxy;
			containerPortal = 3924338B210F98AF00522237 /* Project object */;
			proxyType = 1;
			remoteGlobalIDString = 39243392210F98AF00522237;
			remoteInfo = EnumTest;
		};
/* End PBXContainerItemProxy section */

/* Begin PBXFileReference section */
		39243393210F98AF00522237 /* EnumTest.app */ = {isa = PBXFileReference; explicitFileType = wrapper.application; includeInIndex = 0; path = EnumTest.app; sourceTree = BUILT_PRODUCTS_DIR; };
		39243396210F98AF00522237 /* AppDelegate.swift */ = {isa = PBXFileReference; lastKnownFileType = sourcecode.swift; path = AppDelegate.swift; sourceTree = "<group>"; };
		39243398210F98AF00522237 /* ViewController.swift */ = {isa = PBXFileReference; lastKnownFileType = sourcecode.swift; path = ViewController.swift; sourceTree = "<group>"; };
		3924339B210F98AF00522237 /* Base */ = {isa = PBXFileReference; lastKnownFileType = file.storyboard; name = Base; path = Base.lproj/Main.storyboard; sourceTree = "<group>"; };
		3924339D210F98B000522237 /* Assets.xcassets */ = {isa = PBXFileReference; lastKnownFileType = folder.assetcatalog; path = Assets.xcassets; sourceTree = "<group>"; };
		392433A0210F98B000522237 /* Base */ = {isa = PBXFileReference; lastKnownFileType = file.storyboard; name = Base; path = Base.lproj/LaunchScreen.storyboard; sourceTree = "<group>"; };
		392433A2210F98B000522237 /* Info.plist */ = {isa = PBXFileReference; lastKnownFileType = text.plist.xml; path = Info.plist; sourceTree = "<group>"; };
		392433A7210F98B000522237 /* EnumTestTests.xctest */ = {isa = PBXFileReference; explicitFileType = wrapper.cfbundle; includeInIndex = 0; path = EnumTestTests.xctest; sourceTree = BUILT_PRODUCTS_DIR; };
		392433AB210F98B000522237 /* EnumTestTests.swift */ = {isa = PBXFileReference; lastKnownFileType = sourcecode.swift; path = EnumTestTests.swift; sourceTree = "<group>"; };
		392433AD210F98B000522237 /* Info.plist */ = {isa = PBXFileReference; lastKnownFileType = text.plist.xml; path = Info.plist; sourceTree = "<group>"; };
/* End PBXFileReference section */

/* Begin PBXFrameworksBuildPhase section */
		39243390210F98AF00522237 /* Frameworks */ = {
			isa = PBXFrameworksBuildPhase;
			buildActionMask = 2147483647;
			files = (
			);
			runOnlyForDeploymentPostprocessing = 0;
		};
		392433A4210F98B000522237 /* Frameworks */ = {
			isa = PBXFrameworksBuildPhase;
			buildActionMask = 2147483647;
			files = (
			);
			runOnlyForDeploymentPostprocessing = 0;
		};
/* End PBXFrameworksBuildPhase section */

/* Begin PBXGroup section */
		3924338A210F98AF00522237 = {
			isa = PBXGroup;
			children = (
				39243395210F98AF00522237 /* EnumTest */,
				392433AA210F98B000522237 /* EnumTestTests */,
				39243394210F98AF00522237 /* Products */,
			);
			sourceTree = "<group>";
		};
		39243394210F98AF00522237 /* Products */ = {
			isa = PBXGroup;
			children = (
				39243393210F98AF00522237 /* EnumTest.app */,
				392433A7210F98B000522237 /* EnumTestTests.xctest */,
			);
			name = Products;
			sourceTree = "<group>";
		};
		39243395210F98AF00522237 /* EnumTest */ = {
			isa = PBXGroup;
			children = (
				39243396210F98AF00522237 /* AppDelegate.swift */,
				39243398210F98AF00522237 /* ViewController.swift */,
				3924339A210F98AF00522237 /* Main.storyboard */,
				3924339D210F98B000522237 /* Assets.xcassets */,
				3924339F210F98B000522237 /* LaunchScreen.storyboard */,
				392433A2210F98B000522237 /* Info.plist */,
			);
			path = EnumTest;
			sourceTree = "<group>";
		};
		392433AA210F98B000522237 /* EnumTestTests */ = {
			isa = PBXGroup;
			children = (
				392433AB210F98B000522237 /* EnumTestTests.swift */,
				392433AD210F98B000522237 /* Info.plist */,
			);
			path = EnumTestTests;
			sourceTree = "<group>";
		};
/* End PBXGroup section */

/* Begin PBXNativeTarget section */
		39243392210F98AF00522237 /* EnumTest */ = {
			isa = PBXNativeTarget;
			buildConfigurationList = 392433B0210F98B000522237 /* Build configuration list for PBXNativeTarget "EnumTest" */;
			buildPhases = (
				3924338F210F98AF00522237 /* Sources */,
				39243390210F98AF00522237 /* Frameworks */,
				39243391210F98AF00522237 /* Resources */,
			);
			buildRules = (
			);
			dependencies = (
			);
			name = EnumTest;
			productName = EnumTest;
			productReference = 39243393210F98AF00522237 /* EnumTest.app */;
			productType = "com.apple.product-type.application";
		};
		392433A6210F98B000522237 /* EnumTestTests */ = {
			isa = PBXNativeTarget;
			buildConfigurationList = 392433B3210F98B000522237 /* Build configuration list for PBXNativeTarget "EnumTestTests" */;
			buildPhases = (
				392433A3210F98B000522237 /* Sources */,
				392433A4210F98B000522237 /* Frameworks */,
				392433A5210F98B000522237 /* Resources */,
			);
			buildRules = (
			);
			dependencies = (
				392433A9210F98B000522237 /* PBXTargetDependency */,
			);
			name = EnumTestTests;
			productName = EnumTestTests;
			productReference = 392433A7210F98B000522237 /* EnumTestTests.xctest */;
			productType = "com.apple.product-type.bundle.unit-test";
		};
/* End PBXNativeTarget section */

/* Begin PBXProject section */
		3924338B210F98AF00522237 /* Project object */ = {
			isa = PBXProject;
			attributes = {
				LastSwiftUpdateCheck = 0940;
				LastUpgradeCheck = 0940;
				ORGANIZATIONNAME = Test;
				TargetAttributes = {
					39243392210F98AF00522237 = {
						CreatedOnToolsVersion = 9.4;
					};
					392433A6210F98B000522237 = {
						CreatedOnToolsVersion = 9.4;
						TestTargetID = 39243392210F98AF00522237;
					};
				};
			};
			buildConfigurationList = 3924338E210F98AF00522237 /* Build configuration list for PBXProject "EnumTest" */;
			compatibilityVersion = "Xcode 9.3";
			developmentRegion = en;
			hasScannedForEncodings = 0;
			knownRegions = (
				en,
				Base,
			);
			mainGroup = 3924338A210F98AF00522237;
			productRefGroup = 39243394210F98AF00522237 /* Products */;
			projectDirPath = "";
			projectRoot = "";
			targets = (
				39243392210F98AF00522237 /* EnumTest */,
				392433A6210F98B000522237 /* EnumTestTests */,
			);
		};
/* End PBXProject section */

/* Begin PBXResourcesBuildPhase section */
		39243391210F98AF00522237 /* Resources */ = {
			isa = PBXResourcesBuildPhase;
			buildActionMask = 2147483647;
			files = (
				392433A1210F98B000522237 /* LaunchScreen.storyboard in Resources */,
				3924339E210F98B000522237 /* Assets.xcassets in Resources */,
				3924339C210F98AF00522237 /* Main.storyboard in Resources */,
			);
			runOnlyForDeploymentPostprocessing = 0;
		};
		392433A5210F98B000522237 /* Resources */ = {
			isa = PBXResourcesBuildPhase;
			buildActionMask = 2147483647;
			files = (
			);
			runOnlyForDeploymentPostprocessing = 0;
		};
/* End PBXResourcesBuildPhase section */

/* Begin PBXSourcesBuildPhase section */
		3924338F210F98AF00522237 /* Sources */ = {
			isa = PBXSourcesBuildPhase;
			buildActionMask = 2147483647;
			files = (
				39243399210F98AF00522237 /* ViewController.swift in Sources */,
				39243397210F98AF00522237 /* AppDelegate.swift in Sources */,
			);
			runOnlyForDeploymentPostprocessing = 0;
		};
		392433A3210F98B000522237 /* Sources */ = {
			isa = PBXSourcesBuildPhase;
			buildActionMask = 2147483647;
			files = (
				392433AC210F98B000522237 /* EnumTestTests.swift in Sources */,
			);
			runOnlyForDeploymentPostprocessing = 0;
		};
/* End PBXSourcesBuildPhase section */

/* Begin PBXTargetDependency section */
		392433A9210F98B000522237 /* PBXTargetDependency */ = {
			isa = PBXTargetDependency;
			target = 39243392210F98AF00522237 /* EnumTest */;
			targetProxy = 392433A8210F98B000522237 /* PBXContainerItemProxy */;
		};
/* End PBXTargetDependency section */

/* Begin PBXVariantGroup section */
		3924339A210F98AF00522237 /* Main.storyboard */ = {
			isa = PBXVariantGroup;
			children = (
				3924339B210F98AF00522237 /* Base */,
			);
			name = Main.storyboard;
			sourceTree = "<group>";
		};
		3924339F210F98B000522237 /* LaunchScreen.storyboard */ = {
			isa = PBXVariantGroup;
			children = (
				392433A0210F98B000522237 /* Base */,
			);
			name = LaunchScreen.storyboard;
			sourceTree = "<group>";
		};
/* End PBXVariantGroup section */

/* Begin XCBuildConfiguration section */
		392433AE210F98B000522237 /* Debug */ = {
			isa = XCBuildConfiguration;
			buildSettings = {
				ALWAYS_SEARCH_USER_PATHS = NO;
				CLANG_ANALYZER_NONNULL = YES;
				CLANG_ANALYZER_NUMBER_OBJECT_CONVERSION = YES_AGGRESSIVE;
				CLANG_CXX_LANGUAGE_STANDARD = "gnu++14";
				CLANG_CXX_LIBRARY = "libc++";
				CLANG_ENABLE_MODULES = YES;
				CLANG_ENABLE_OBJC_ARC = YES;
				CLANG_ENABLE_OBJC_WEAK = YES;
				CLANG_WARN_BLOCK_CAPTURE_AUTORELEASING = YES;
				CLANG_WARN_BOOL_CONVERSION = YES;
				CLANG_WARN_COMMA = YES;
				CLANG_WARN_CONSTANT_CONVERSION = YES;
				CLANG_WARN_DEPRECATED_OBJC_IMPLEMENTATIONS = YES;
				CLANG_WARN_DIRECT_OBJC_ISA_USAGE = YES_ERROR;
				CLANG_WARN_DOCUMENTATION_COMMENTS = YES;
				CLANG_WARN_EMPTY_BODY = YES;
				CLANG_WARN_ENUM_CONVERSION = YES;
				CLANG_WARN_INFINITE_RECURSION = YES;
				CLANG_WARN_INT_CONVERSION = YES;
				CLANG_WARN_NON_LITERAL_NULL_CONVERSION = YES;
				CLANG_WARN_OBJC_IMPLICIT_RETAIN_SELF = YES;
				CLANG_WARN_OBJC_LITERAL_CONVERSION = YES;
				CLANG_WARN_OBJC_ROOT_CLASS = YES_ERROR;
				CLANG_WARN_RANGE_LOOP_ANALYSIS = YES;
				CLANG_WARN_STRICT_PROTOTYPES = YES;
				CLANG_WARN_SUSPICIOUS_MOVE = YES;
				CLANG_WARN_UNGUARDED_AVAILABILITY = YES_AGGRESSIVE;
				CLANG_WARN_UNREACHABLE_CODE = YES;
				CLANG_WARN__DUPLICATE_METHOD_MATCH = YES;
				CODE_SIGN_IDENTITY = "iPhone Developer";
				COPY_PHASE_STRIP = NO;
				DEBUG_INFORMATION_FORMAT = dwarf;
				ENABLE_STRICT_OBJC_MSGSEND = YES;
				ENABLE_TESTABILITY = YES;
				GCC_C_LANGUAGE_STANDARD = gnu11;
				GCC_DYNAMIC_NO_PIC = NO;
				GCC_NO_COMMON_BLOCKS = YES;
				GCC_OPTIMIZATION_LEVEL = 0;
				GCC_PREPROCESSOR_DEFINITIONS = (
					"DEBUG=1",
					"$(inherited)",
				);
				GCC_WARN_64_TO_32_BIT_CONVERSION = YES;
				GCC_WARN_ABOUT_RETURN_TYPE = YES_ERROR;
				GCC_WARN_UNDECLARED_SELECTOR = YES;
				GCC_WARN_UNINITIALIZED_AUTOS = YES_AGGRESSIVE;
				GCC_WARN_UNUSED_FUNCTION = YES;
				GCC_WARN_UNUSED_VARIABLE = YES;
				IPHONEOS_DEPLOYMENT_TARGET = 11.4;
				MTL_ENABLE_DEBUG_INFO = YES;
				ONLY_ACTIVE_ARCH = YES;
				SDKROOT = iphoneos;
				SWIFT_ACTIVE_COMPILATION_CONDITIONS = DEBUG;
				SWIFT_OPTIMIZATION_LEVEL = "-Onone";
			};
			name = Debug;
		};
		392433AF210F98B000522237 /* Release */ = {
			isa = XCBuildConfiguration;
			buildSettings = {
				ALWAYS_SEARCH_USER_PATHS = NO;
				CLANG_ANALYZER_NONNULL = YES;
				CLANG_ANALYZER_NUMBER_OBJECT_CONVERSION = YES_AGGRESSIVE;
				CLANG_CXX_LANGUAGE_STANDARD = "gnu++14";
				CLANG_CXX_LIBRARY = "libc++";
				CLANG_ENABLE_MODULES = YES;
				CLANG_ENABLE_OBJC_ARC = YES;
				CLANG_ENABLE_OBJC_WEAK = YES;
				CLANG_WARN_BLOCK_CAPTURE_AUTORELEASING = YES;
				CLANG_WARN_BOOL_CONVERSION = YES;
				CLANG_WARN_COMMA = YES;
				CLANG_WARN_CONSTANT_CONVERSION = YES;
				CLANG_WARN_DEPRECATED_OBJC_IMPLEMENTATIONS = YES;
				CLANG_WARN_DIRECT_OBJC_ISA_USAGE = YES_ERROR;
				CLANG_WARN_DOCUMENTATION_COMMENTS = YES;
				CLANG_WARN_EMPTY_BODY = YES;
				CLANG_WARN_ENUM_CONVERSION = YES;
				CLANG_WARN_INFINITE_RECURSION = YES;
				CLANG_WARN_INT_CONVERSION = YES;
				CLANG_WARN_NON_LITERAL_NULL_CONVERSION = YES;
				CLANG_WARN_OBJC_IMPLICIT_RETAIN_SELF = YES;
				CLANG_WARN_OBJC_LITERAL_CONVERSION = YES;
				CLANG_WARN_OBJC_ROOT_CLASS = YES_ERROR;
				CLANG_WARN_RANGE_LOOP_ANALYSIS = YES;
				CLANG_WARN_STRICT_PROTOTYPES = YES;
				CLANG_WARN_SUSPICIOUS_MOVE = YES;
				CLANG_WARN_UNGUARDED_AVAILABILITY = YES_AGGRESSIVE;
				CLANG_WARN_UNREACHABLE_CODE = YES;
				CLANG_WARN__DUPLICATE_METHOD_MATCH = YES;
				CODE_SIGN_IDENTITY = "iPhone Developer";
				COPY_PHASE_STRIP = NO;
				DEBUG_INFORMATION_FORMAT = "dwarf-with-dsym";
				ENABLE_NS_ASSERTIONS = NO;
				ENABLE_STRICT_OBJC_MSGSEND = YES;
				GCC_C_LANGUAGE_STANDARD = gnu11;
				GCC_NO_COMMON_BLOCKS = YES;
				GCC_WARN_64_TO_32_BIT_CONVERSION = YES;
				GCC_WARN_ABOUT_RETURN_TYPE = YES_ERROR;
				GCC_WARN_UNDECLARED_SELECTOR = YES;
				GCC_WARN_UNINITIALIZED_AUTOS = YES_AGGRESSIVE;
				GCC_WARN_UNUSED_FUNCTION = YES;
				GCC_WARN_UNUSED_VARIABLE = YES;
				IPHONEOS_DEPLOYMENT_TARGET = 11.4;
				MTL_ENABLE_DEBUG_INFO = NO;
				SDKROOT = iphoneos;
				SWIFT_COMPILATION_MODE = wholemodule;
				SWIFT_OPTIMIZATION_LEVEL = "-O";
				VALIDATE_PRODUCT = YES;
			};
			name = Release;
		};
		392433B1210F98B000522237 /* Debug */ = {
			isa = XCBuildConfiguration;
			buildSettings = {
				ASSETCATALOG_COMPILER_APPICON_NAME = AppIcon;
				CODE_SIGN_STYLE = Automatic;
				INFOPLIST_FILE = EnumTest/Info.plist;
				IPHONEOS_DEPLOYMENT_TARGET = 11.0;
				LD_RUNPATH_SEARCH_PATHS = (
					"$(inherited)",
					"@executable_path/Frameworks",
				);
				PRODUCT_BUNDLE_IDENTIFIER = com.test.EnumTest;
				PRODUCT_NAME = "$(TARGET_NAME)";
				SWIFT_VERSION = 4.0;
				TARGETED_DEVICE_FAMILY = "1,2";
			};
			name = Debug;
		};
		392433B2210F98B000522237 /* Release */ = {
			isa = XCBuildConfiguration;
			buildSettings = {
				ASSETCATALOG_COMPILER_APPICON_NAME = AppIcon;
				CODE_SIGN_STYLE = Automatic;
				INFOPLIST_FILE = EnumTest/Info.plist;
				IPHONEOS_DEPLOYMENT_TARGET = 11.0;
				LD_RUNPATH_SEARCH_PATHS = (
					"$(inherited)",
					"@executable_path/Frameworks",
				);
				PRODUCT_BUNDLE_IDENTIFIER = com.test.EnumTest;
				PRODUCT_NAME = "$(TARGET_NAME)";
				SWIFT_VERSION = 4.0;
				TARGETED_DEVICE_FAMILY = "1,2";
			};
			name = Release;
		};
		392433B4210F98B000522237 /* Debug */ = {
			isa = XCBuildConfiguration;
			buildSettings = {
				ALWAYS_EMBED_SWIFT_STANDARD_LIBRARIES = YES;
				BUNDLE_LOADER = "$(TEST_HOST)";
				CODE_SIGN_STYLE = Automatic;
				INFOPLIST_FILE = EnumTestTests/Info.plist;
				LD_RUNPATH_SEARCH_PATHS = (
					"$(inherited)",
					"@executable_path/Frameworks",
					"@loader_path/Frameworks",
				);
				PRODUCT_BUNDLE_IDENTIFIER = com.test.EnumTestTests;
				PRODUCT_NAME = "$(TARGET_NAME)";
				SWIFT_VERSION = 4.0;
				TARGETED_DEVICE_FAMILY = "1,2";
				TEST_HOST = "$(BUILT_PRODUCTS_DIR)/EnumTest.app/EnumTest";
			};
			name = Debug;
		};
		392433B5210F98B000522237 /* Release */ = {
			isa = XCBuildConfiguration;
			buildSettings = {
				ALWAYS_EMBED_SWIFT_STANDARD_LIBRARIES = YES;
				BUNDLE_LOADER = "$(TEST_HOST)";
				CODE_SIGN_STYLE = Automatic;
				INFOPLIST_FILE = EnumTestTests/Info.plist;
				LD_RUNPATH_SEARCH_PATHS = (
					"$(inherited)",
					"@executable_path/Frameworks",
					"@loader_path/Frameworks",
				);
				PRODUCT_BUNDLE_IDENTIFIER = com.test.EnumTestTests;
				PRODUCT_NAME = "$(TARGET_NAME)";
				SWIFT_VERSION = 4.0;
				TARGETED_DEVICE_FAMILY = "1,2";
				TEST_HOST = "$(BUILT_PRODUCTS_DIR)/EnumTest.app/EnumTest";
			};
			name = Release;
		};
/* End XCBuildConfiguration section */

/* Begin XCConfigurationList section */
		3924338E210F98AF00522237 /* Build configuration list for PBXProject "EnumTest" */ = {
			isa = XCConfigurationList;
			buildConfigurations = (
				392433AE210F98B000522237 /* Debug */,
				392433AF210F98B000522237 /* Release */,
			);
			defaultConfigurationIsVisible = 0;
			defaultConfigurationName = Release;
		};
		392433B0210F98B000522237 /* Build configuration list for PBXNativeTarget "EnumTest" */ = {
			isa = XCConfigurationList;
			buildConfigurations = (
				392433B1210F98B000522237 /* Debug */,
				392433B2210F98B000522237 /* Release */,
			);
			defaultConfigurationIsVisible = 0;
			defaultConfigurationName = Release;
		};
		392433B3210F98B000522237 /* Build configuration list for PBXNativeTarget "EnumTestTests" */ = {
			isa = XCConfigurationList;
			buildConfigurations = (
				392433B4210F98B000522237 /* Debug */,
				392433B5210F98B000522237 /* Release */,
			);
			defaultConfigurationIsVisible = 0;
			defaultConfigurationName = Release;
		};
/* End XCConfigurationList section */
	};
	rootObject = 3924338B210F98AF00522237 /* Project object */;
}
