// !$*UTF8*$!
{
	archiveVersion = 1;
	classes = {
	};
	objectVersion = 50;
	objects = {

/* Begin PBXBuildFile section */
		83076702210524C8005541C4 /* AppDelegate.swift in Sources */ = {isa = PBXBuildFile; fileRef = 83076701210524C8005541C4 /* AppDelegate.swift */; };
		83076704210524C8005541C4 /* ViewController.swift in Sources */ = {isa = PBXBuildFile; fileRef = 83076703210524C8005541C4 /* ViewController.swift */; };
		83076707210524C8005541C4 /* Main.storyboard in Resources */ = {isa = PBXBuildFile; fileRef = 83076705210524C8005541C4 /* Main.storyboard */; };
		83076709210524CA005541C4 /* Assets.xcassets in Resources */ = {isa = PBXBuildFile; fileRef = 83076708210524CA005541C4 /* Assets.xcassets */; };
		8307670C210524CA005541C4 /* LaunchScreen.storyboard in Resources */ = {isa = PBXBuildFile; fileRef = 8307670A210524CA005541C4 /* LaunchScreen.storyboard */; };
		83076717210524CA005541C4 /* ArrayTestTests.swift in Sources */ = {isa = PBXBuildFile; fileRef = 83076716210524CA005541C4 /* ArrayTestTests.swift */; };
/* End PBXBuildFile section */

/* Begin PBXContainerItemProxy section */
		83076713210524CA005541C4 /* PBXContainerItemProxy */ = {
			isa = PBXContainerItemProxy;
			containerPortal = 830766F6210524C8005541C4 /* Project object */;
			proxyType = 1;
			remoteGlobalIDString = 830766FD210524C8005541C4;
			remoteInfo = ArrayTest;
		};
/* End PBXContainerItemProxy section */

/* Begin PBXFileReference section */
		830766FE210524C8005541C4 /* ArrayTest.app */ = {isa = PBXFileReference; explicitFileType = wrapper.application; includeInIndex = 0; path = ArrayTest.app; sourceTree = BUILT_PRODUCTS_DIR; };
		83076701210524C8005541C4 /* AppDelegate.swift */ = {isa = PBXFileReference; lastKnownFileType = sourcecode.swift; path = AppDelegate.swift; sourceTree = "<group>"; };
		83076703210524C8005541C4 /* ViewController.swift */ = {isa = PBXFileReference; lastKnownFileType = sourcecode.swift; path = ViewController.swift; sourceTree = "<group>"; };
		83076706210524C8005541C4 /* Base */ = {isa = PBXFileReference; lastKnownFileType = file.storyboard; name = Base; path = Base.lproj/Main.storyboard; sourceTree = "<group>"; };
		83076708210524CA005541C4 /* Assets.xcassets */ = {isa = PBXFileReference; lastKnownFileType = folder.assetcatalog; path = Assets.xcassets; sourceTree = "<group>"; };
		8307670B210524CA005541C4 /* Base */ = {isa = PBXFileReference; lastKnownFileType = file.storyboard; name = Base; path = Base.lproj/LaunchScreen.storyboard; sourceTree = "<group>"; };
		8307670D210524CA005541C4 /* Info.plist */ = {isa = PBXFileReference; lastKnownFileType = text.plist.xml; path = Info.plist; sourceTree = "<group>"; };
		83076712210524CA005541C4 /* ArrayTestTests.xctest */ = {isa = PBXFileReference; explicitFileType = wrapper.cfbundle; includeInIndex = 0; path = ArrayTestTests.xctest; sourceTree = BUILT_PRODUCTS_DIR; };
		83076716210524CA005541C4 /* ArrayTestTests.swift */ = {isa = PBXFileReference; lastKnownFileType = sourcecode.swift; path = ArrayTestTests.swift; sourceTree = "<group>"; };
		83076718210524CA005541C4 /* Info.plist */ = {isa = PBXFileReference; lastKnownFileType = text.plist.xml; path = Info.plist; sourceTree = "<group>"; };
/* End PBXFileReference section */

/* Begin PBXFrameworksBuildPhase section */
		830766FB210524C8005541C4 /* Frameworks */ = {
			isa = PBXFrameworksBuildPhase;
			buildActionMask = 2147483647;
			files = (
			);
			runOnlyForDeploymentPostprocessing = 0;
		};
		8307670F210524CA005541C4 /* Frameworks */ = {
			isa = PBXFrameworksBuildPhase;
			buildActionMask = 2147483647;
			files = (
			);
			runOnlyForDeploymentPostprocessing = 0;
		};
/* End PBXFrameworksBuildPhase section */

/* Begin PBXGroup section */
		830766F5210524C8005541C4 = {
			isa = PBXGroup;
			children = (
				83076700210524C8005541C4 /* ArrayTest */,
				83076715210524CA005541C4 /* ArrayTestTests */,
				830766FF210524C8005541C4 /* Products */,
			);
			sourceTree = "<group>";
		};
		830766FF210524C8005541C4 /* Products */ = {
			isa = PBXGroup;
			children = (
				830766FE210524C8005541C4 /* ArrayTest.app */,
				83076712210524CA005541C4 /* ArrayTestTests.xctest */,
			);
			name = Products;
			sourceTree = "<group>";
		};
		83076700210524C8005541C4 /* ArrayTest */ = {
			isa = PBXGroup;
			children = (
				83076701210524C8005541C4 /* AppDelegate.swift */,
				83076703210524C8005541C4 /* ViewController.swift */,
				83076705210524C8005541C4 /* Main.storyboard */,
				83076708210524CA005541C4 /* Assets.xcassets */,
				8307670A210524CA005541C4 /* LaunchScreen.storyboard */,
				8307670D210524CA005541C4 /* Info.plist */,
			);
			path = ArrayTest;
			sourceTree = "<group>";
		};
		83076715210524CA005541C4 /* ArrayTestTests */ = {
			isa = PBXGroup;
			children = (
				83076716210524CA005541C4 /* ArrayTestTests.swift */,
				83076718210524CA005541C4 /* Info.plist */,
			);
			path = ArrayTestTests;
			sourceTree = "<group>";
		};
/* End PBXGroup section */

/* Begin PBXNativeTarget section */
		830766FD210524C8005541C4 /* ArrayTest */ = {
			isa = PBXNativeTarget;
			buildConfigurationList = 8307671B210524CA005541C4 /* Build configuration list for PBXNativeTarget "ArrayTest" */;
			buildPhases = (
				830766FA210524C8005541C4 /* Sources */,
				830766FB210524C8005541C4 /* Frameworks */,
				830766FC210524C8005541C4 /* Resources */,
			);
			buildRules = (
			);
			dependencies = (
			);
			name = ArrayTest;
			productName = ArrayTest;
			productReference = 830766FE210524C8005541C4 /* ArrayTest.app */;
			productType = "com.apple.product-type.application";
		};
		83076711210524CA005541C4 /* ArrayTestTests */ = {
			isa = PBXNativeTarget;
			buildConfigurationList = 8307671E210524CA005541C4 /* Build configuration list for PBXNativeTarget "ArrayTestTests" */;
			buildPhases = (
				8307670E210524CA005541C4 /* Sources */,
				8307670F210524CA005541C4 /* Frameworks */,
				83076710210524CA005541C4 /* Resources */,
			);
			buildRules = (
			);
			dependencies = (
				83076714210524CA005541C4 /* PBXTargetDependency */,
			);
			name = ArrayTestTests;
			productName = ArrayTestTests;
			productReference = 83076712210524CA005541C4 /* ArrayTestTests.xctest */;
			productType = "com.apple.product-type.bundle.unit-test";
		};
/* End PBXNativeTarget section */

/* Begin PBXProject section */
		830766F6210524C8005541C4 /* Project object */ = {
			isa = PBXProject;
			attributes = {
				LastSwiftUpdateCheck = 0940;
				LastUpgradeCheck = 0940;
				ORGANIZATIONNAME = "Skyriser Media";
				TargetAttributes = {
					830766FD210524C8005541C4 = {
						CreatedOnToolsVersion = 9.4;
					};
					83076711210524CA005541C4 = {
						CreatedOnToolsVersion = 9.4;
						TestTargetID = 830766FD210524C8005541C4;
					};
				};
			};
			buildConfigurationList = 830766F9210524C8005541C4 /* Build configuration list for PBXProject "ArrayTest" */;
			compatibilityVersion = "Xcode 9.3";
			developmentRegion = en;
			hasScannedForEncodings = 0;
			knownRegions = (
				en,
				Base,
			);
			mainGroup = 830766F5210524C8005541C4;
			productRefGroup = 830766FF210524C8005541C4 /* Products */;
			projectDirPath = "";
			projectRoot = "";
			targets = (
				830766FD210524C8005541C4 /* ArrayTest */,
				83076711210524CA005541C4 /* ArrayTestTests */,
			);
		};
/* End PBXProject section */

/* Begin PBXResourcesBuildPhase section */
		830766FC210524C8005541C4 /* Resources */ = {
			isa = PBXResourcesBuildPhase;
			buildActionMask = 2147483647;
			files = (
				8307670C210524CA005541C4 /* LaunchScreen.storyboard in Resources */,
				83076709210524CA005541C4 /* Assets.xcassets in Resources */,
				83076707210524C8005541C4 /* Main.storyboard in Resources */,
			);
			runOnlyForDeploymentPostprocessing = 0;
		};
		83076710210524CA005541C4 /* Resources */ = {
			isa = PBXResourcesBuildPhase;
			buildActionMask = 2147483647;
			files = (
			);
			runOnlyForDeploymentPostprocessing = 0;
		};
/* End PBXResourcesBuildPhase section */

/* Begin PBXSourcesBuildPhase section */
		830766FA210524C8005541C4 /* Sources */ = {
			isa = PBXSourcesBuildPhase;
			buildActionMask = 2147483647;
			files = (
				83076704210524C8005541C4 /* ViewController.swift in Sources */,
				83076702210524C8005541C4 /* AppDelegate.swift in Sources */,
			);
			runOnlyForDeploymentPostprocessing = 0;
		};
		8307670E210524CA005541C4 /* Sources */ = {
			isa = PBXSourcesBuildPhase;
			buildActionMask = 2147483647;
			files = (
				83076717210524CA005541C4 /* ArrayTestTests.swift in Sources */,
			);
			runOnlyForDeploymentPostprocessing = 0;
		};
/* End PBXSourcesBuildPhase section */

/* Begin PBXTargetDependency section */
		83076714210524CA005541C4 /* PBXTargetDependency */ = {
			isa = PBXTargetDependency;
			target = 830766FD210524C8005541C4 /* ArrayTest */;
			targetProxy = 83076713210524CA005541C4 /* PBXContainerItemProxy */;
		};
/* End PBXTargetDependency section */

/* Begin PBXVariantGroup section */
		83076705210524C8005541C4 /* Main.storyboard */ = {
			isa = PBXVariantGroup;
			children = (
				83076706210524C8005541C4 /* Base */,
			);
			name = Main.storyboard;
			sourceTree = "<group>";
		};
		8307670A210524CA005541C4 /* LaunchScreen.storyboard */ = {
			isa = PBXVariantGroup;
			children = (
				8307670B210524CA005541C4 /* Base */,
			);
			name = LaunchScreen.storyboard;
			sourceTree = "<group>";
		};
/* End PBXVariantGroup section */

/* Begin XCBuildConfiguration section */
		83076719210524CA005541C4 /* Debug */ = {
			isa = XCBuildConfiguration;
			buildSettings = {
				ALWAYS_SEARCH_USER_PATHS = NO;
				CLANG_ANALYZER_NONNULL = YES;
				CLANG_ANALYZER_NUMBER_OBJECT_CONVERSION = YES_AGGRESSIVE;
				CLANG_CXX_LANGUAGE_STANDARD = "gnu++14";
				CLANG_CXX_LIBRARY = "libc++";
				CLANG_ENABLE_MODULES = YES;
				CLANG_ENABLE_OBJC_ARC = YES;
				CLANG_ENABLE_OBJC_WEAK = YES;
				CLANG_WARN_BLOCK_CAPTURE_AUTORELEASING = YES;
				CLANG_WARN_BOOL_CONVERSION = YES;
				CLANG_WARN_COMMA = YES;
				CLANG_WARN_CONSTANT_CONVERSION = YES;
				CLANG_WARN_DEPRECATED_OBJC_IMPLEMENTATIONS = YES;
				CLANG_WARN_DIRECT_OBJC_ISA_USAGE = YES_ERROR;
				CLANG_WARN_DOCUMENTATION_COMMENTS = YES;
				CLANG_WARN_EMPTY_BODY = YES;
				CLANG_WARN_ENUM_CONVERSION = YES;
				CLANG_WARN_INFINITE_RECURSION = YES;
				CLANG_WARN_INT_CONVERSION = YES;
				CLANG_WARN_NON_LITERAL_NULL_CONVERSION = YES;
				CLANG_WARN_OBJC_IMPLICIT_RETAIN_SELF = YES;
				CLANG_WARN_OBJC_LITERAL_CONVERSION = YES;
				CLANG_WARN_OBJC_ROOT_CLASS = YES_ERROR;
				CLANG_WARN_RANGE_LOOP_ANALYSIS = YES;
				CLANG_WARN_STRICT_PROTOTYPES = YES;
				CLANG_WARN_SUSPICIOUS_MOVE = YES;
				CLANG_WARN_UNGUARDED_AVAILABILITY = YES_AGGRESSIVE;
				CLANG_WARN_UNREACHABLE_CODE = YES;
				CLANG_WARN__DUPLICATE_METHOD_MATCH = YES;
				CODE_SIGN_IDENTITY = "iPhone Developer";
				COPY_PHASE_STRIP = NO;
				DEBUG_INFORMATION_FORMAT = dwarf;
				ENABLE_STRICT_OBJC_MSGSEND = YES;
				ENABLE_TESTABILITY = YES;
				GCC_C_LANGUAGE_STANDARD = gnu11;
				GCC_DYNAMIC_NO_PIC = NO;
				GCC_NO_COMMON_BLOCKS = YES;
				GCC_OPTIMIZATION_LEVEL = 0;
				GCC_PREPROCESSOR_DEFINITIONS = (
					"DEBUG=1",
					"$(inherited)",
				);
				GCC_WARN_64_TO_32_BIT_CONVERSION = YES;
				GCC_WARN_ABOUT_RETURN_TYPE = YES_ERROR;
				GCC_WARN_UNDECLARED_SELECTOR = YES;
				GCC_WARN_UNINITIALIZED_AUTOS = YES_AGGRESSIVE;
				GCC_WARN_UNUSED_FUNCTION = YES;
				GCC_WARN_UNUSED_VARIABLE = YES;
				IPHONEOS_DEPLOYMENT_TARGET = 11.4;
				MTL_ENABLE_DEBUG_INFO = YES;
				ONLY_ACTIVE_ARCH = YES;
				SDKROOT = iphoneos;
				SWIFT_ACTIVE_COMPILATION_CONDITIONS = DEBUG;
				SWIFT_OPTIMIZATION_LEVEL = "-Onone";
			};
			name = Debug;
		};
		8307671A210524CA005541C4 /* Release */ = {
			isa = XCBuildConfiguration;
			buildSettings = {
				ALWAYS_SEARCH_USER_PATHS = NO;
				CLANG_ANALYZER_NONNULL = YES;
				CLANG_ANALYZER_NUMBER_OBJECT_CONVERSION = YES_AGGRESSIVE;
				CLANG_CXX_LANGUAGE_STANDARD = "gnu++14";
				CLANG_CXX_LIBRARY = "libc++";
				CLANG_ENABLE_MODULES = YES;
				CLANG_ENABLE_OBJC_ARC = YES;
				CLANG_ENABLE_OBJC_WEAK = YES;
				CLANG_WARN_BLOCK_CAPTURE_AUTORELEASING = YES;
				CLANG_WARN_BOOL_CONVERSION = YES;
				CLANG_WARN_COMMA = YES;
				CLANG_WARN_CONSTANT_CONVERSION = YES;
				CLANG_WARN_DEPRECATED_OBJC_IMPLEMENTATIONS = YES;
				CLANG_WARN_DIRECT_OBJC_ISA_USAGE = YES_ERROR;
				CLANG_WARN_DOCUMENTATION_COMMENTS = YES;
				CLANG_WARN_EMPTY_BODY = YES;
				CLANG_WARN_ENUM_CONVERSION = YES;
				CLANG_WARN_INFINITE_RECURSION = YES;
				CLANG_WARN_INT_CONVERSION = YES;
				CLANG_WARN_NON_LITERAL_NULL_CONVERSION = YES;
				CLANG_WARN_OBJC_IMPLICIT_RETAIN_SELF = YES;
				CLANG_WARN_OBJC_LITERAL_CONVERSION = YES;
				CLANG_WARN_OBJC_ROOT_CLASS = YES_ERROR;
				CLANG_WARN_RANGE_LOOP_ANALYSIS = YES;
				CLANG_WARN_STRICT_PROTOTYPES = YES;
				CLANG_WARN_SUSPICIOUS_MOVE = YES;
				CLANG_WARN_UNGUARDED_AVAILABILITY = YES_AGGRESSIVE;
				CLANG_WARN_UNREACHABLE_CODE = YES;
				CLANG_WARN__DUPLICATE_METHOD_MATCH = YES;
				CODE_SIGN_IDENTITY = "iPhone Developer";
				COPY_PHASE_STRIP = NO;
				DEBUG_INFORMATION_FORMAT = "dwarf-with-dsym";
				ENABLE_NS_ASSERTIONS = NO;
				ENABLE_STRICT_OBJC_MSGSEND = YES;
				GCC_C_LANGUAGE_STANDARD = gnu11;
				GCC_NO_COMMON_BLOCKS = YES;
				GCC_WARN_64_TO_32_BIT_CONVERSION = YES;
				GCC_WARN_ABOUT_RETURN_TYPE = YES_ERROR;
				GCC_WARN_UNDECLARED_SELECTOR = YES;
				GCC_WARN_UNINITIALIZED_AUTOS = YES_AGGRESSIVE;
				GCC_WARN_UNUSED_FUNCTION = YES;
				GCC_WARN_UNUSED_VARIABLE = YES;
				IPHONEOS_DEPLOYMENT_TARGET = 11.4;
				MTL_ENABLE_DEBUG_INFO = NO;
				SDKROOT = iphoneos;
				SWIFT_COMPILATION_MODE = wholemodule;
				SWIFT_OPTIMIZATION_LEVEL = "-O";
				VALIDATE_PRODUCT = YES;
			};
			name = Release;
		};
		8307671C210524CA005541C4 /* Debug */ = {
			isa = XCBuildConfiguration;
			buildSettings = {
				ASSETCATALOG_COMPILER_APPICON_NAME = AppIcon;
				CODE_SIGN_STYLE = Automatic;
				DEVELOPMENT_TEAM = 2N2B325D9B;
				INFOPLIST_FILE = ArrayTest/Info.plist;
				LD_RUNPATH_SEARCH_PATHS = (
					"$(inherited)",
					"@executable_path/Frameworks",
				);
				PRODUCT_BUNDLE_IDENTIFIER = com.skyriser.ArrayTest;
				PRODUCT_NAME = "$(TARGET_NAME)";
				SWIFT_VERSION = 4.0;
				TARGETED_DEVICE_FAMILY = "1,2";
			};
			name = Debug;
		};
		8307671D210524CA005541C4 /* Release */ = {
			isa = XCBuildConfiguration;
			buildSettings = {
				ASSETCATALOG_COMPILER_APPICON_NAME = AppIcon;
				CODE_SIGN_STYLE = Automatic;
				DEVELOPMENT_TEAM = 2N2B325D9B;
				INFOPLIST_FILE = ArrayTest/Info.plist;
				LD_RUNPATH_SEARCH_PATHS = (
					"$(inherited)",
					"@executable_path/Frameworks",
				);
				PRODUCT_BUNDLE_IDENTIFIER = com.skyriser.ArrayTest;
				PRODUCT_NAME = "$(TARGET_NAME)";
				SWIFT_VERSION = 4.0;
				TARGETED_DEVICE_FAMILY = "1,2";
			};
			name = Release;
		};
		8307671F210524CA005541C4 /* Debug */ = {
			isa = XCBuildConfiguration;
			buildSettings = {
				ALWAYS_EMBED_SWIFT_STANDARD_LIBRARIES = YES;
				BUNDLE_LOADER = "$(TEST_HOST)";
				CODE_SIGN_STYLE = Automatic;
				DEVELOPMENT_TEAM = 2N2B325D9B;
				INFOPLIST_FILE = ArrayTestTests/Info.plist;
				LD_RUNPATH_SEARCH_PATHS = (
					"$(inherited)",
					"@executable_path/Frameworks",
					"@loader_path/Frameworks",
				);
				PRODUCT_BUNDLE_IDENTIFIER = com.skyriser.ArrayTestTests;
				PRODUCT_NAME = "$(TARGET_NAME)";
				SWIFT_VERSION = 4.0;
				TARGETED_DEVICE_FAMILY = "1,2";
				TEST_HOST = "$(BUILT_PRODUCTS_DIR)/ArrayTest.app/ArrayTest";
			};
			name = Debug;
		};
		83076720210524CA005541C4 /* Release */ = {
			isa = XCBuildConfiguration;
			buildSettings = {
				ALWAYS_EMBED_SWIFT_STANDARD_LIBRARIES = YES;
				BUNDLE_LOADER = "$(TEST_HOST)";
				CODE_SIGN_STYLE = Automatic;
				DEVELOPMENT_TEAM = 2N2B325D9B;
				INFOPLIST_FILE = ArrayTestTests/Info.plist;
				LD_RUNPATH_SEARCH_PATHS = (
					"$(inherited)",
					"@executable_path/Frameworks",
					"@loader_path/Frameworks",
				);
				PRODUCT_BUNDLE_IDENTIFIER = com.skyriser.ArrayTestTests;
				PRODUCT_NAME = "$(TARGET_NAME)";
				SWIFT_VERSION = 4.0;
				TARGETED_DEVICE_FAMILY = "1,2";
				TEST_HOST = "$(BUILT_PRODUCTS_DIR)/ArrayTest.app/ArrayTest";
			};
			name = Release;
		};
/* End XCBuildConfiguration section */

/* Begin XCConfigurationList section */
		830766F9210524C8005541C4 /* Build configuration list for PBXProject "ArrayTest" */ = {
			isa = XCConfigurationList;
			buildConfigurations = (
				83076719210524CA005541C4 /* Debug */,
				8307671A210524CA005541C4 /* Release */,
			);
			defaultConfigurationIsVisible = 0;
			defaultConfigurationName = Release;
		};
		8307671B210524CA005541C4 /* Build configuration list for PBXNativeTarget "ArrayTest" */ = {
			isa = XCConfigurationList;
			buildConfigurations = (
				8307671C210524CA005541C4 /* Debug */,
				8307671D210524CA005541C4 /* Release */,
			);
			defaultConfigurationIsVisible = 0;
			defaultConfigurationName = Release;
		};
		8307671E210524CA005541C4 /* Build configuration list for PBXNativeTarget "ArrayTestTests" */ = {
			isa = XCConfigurationList;
			buildConfigurations = (
				8307671F210524CA005541C4 /* Debug */,
				83076720210524CA005541C4 /* Release */,
			);
			defaultConfigurationIsVisible = 0;
			defaultConfigurationName = Release;
		};
/* End XCConfigurationList section */
	};
	rootObject = 830766F6210524C8005541C4 /* Project object */;
}
